
Microsoft Visual Studio Solution File, Format Version 12.00
Project("{FAE04EC0-301F-11D3-BF4B-00C04F79EFBC}") = "Service.Order", "Service.Order\Service.Order.csproj", "{06FE7EF0-E300-4BA1-B188-FE938D403FE1}"
EndProject
Project("{FAE04EC0-301F-11D3-BF4B-00C04F79EFBC}") = "Shared", "Shared\Shared.csproj", "{C9ED6858-F6C3-40C9-8055-06C08056C4E9}"
EndProject
Project("{FAE04EC0-301F-11D3-BF4B-00C04F79EFBC}") = "Service.Order.Publisher", "Service.Order.Publisher\Service.Order.Publisher.csproj", "{44CEF463-CCCC-4017-8872-ED32DDFDAA3E}"
EndProject
Project("{FAE04EC0-301F-11D3-BF4B-00C04F79EFBC}") = "Service.Stock", "Service.Stock\Service.Stock.csproj", "{35D52AC7-7369-4DFD-84F4-9C8F1152CA74}"
EndProject
Project("{FAE04EC0-301F-11D3-BF4B-00C04F79EFBC}") = "Service.Order.Consumer", "Service.Order.Consumer\Service.Order.Consumer.csproj", "{304CB79A-5016-4A26-AFC9-1F2B95C24D24}"
EndProject
Global
	GlobalSection(SolutionConfigurationPlatforms) = preSolution
		Debug|Any CPU = Debug|Any CPU
		Release|Any CPU = Release|Any CPU
	EndGlobalSection
	GlobalSection(ProjectConfigurationPlatforms) = postSolution
		{06FE7EF0-E300-4BA1-B188-FE938D403FE1}.Debug|Any CPU.ActiveCfg = Debug|Any CPU
		{06FE7EF0-E300-4BA1-B188-FE938D403FE1}.Debug|Any CPU.Build.0 = Debug|Any CPU
		{06FE7EF0-E300-4BA1-B188-FE938D403FE1}.Release|Any CPU.ActiveCfg = Release|Any CPU
		{06FE7EF0-E300-4BA1-B188-FE938D403FE1}.Release|Any CPU.Build.0 = Release|Any CPU
		{C9ED6858-F6C3-40C9-8055-06C08056C4E9}.Debug|Any CPU.ActiveCfg = Debug|Any CPU
		{C9ED6858-F6C3-40C9-8055-06C08056C4E9}.Debug|Any CPU.Build.0 = Debug|Any CPU
		{C9ED6858-F6C3-40C9-8055-06C08056C4E9}.Release|Any CPU.ActiveCfg = Release|Any CPU
		{C9ED6858-F6C3-40C9-8055-06C08056C4E9}.Release|Any CPU.Build.0 = Release|Any CPU
		{44CEF463-CCCC-4017-8872-ED32DDFDAA3E}.Debug|Any CPU.ActiveCfg = Debug|Any CPU
		{44CEF463-CCCC-4017-8872-ED32DDFDAA3E}.Debug|Any CPU.Build.0 = Debug|Any CPU
		{44CEF463-CCCC-4017-8872-ED32DDFDAA3E}.Release|Any CPU.ActiveCfg = Release|Any CPU
		{44CEF463-CCCC-4017-8872-ED32DDFDAA3E}.Release|Any CPU.Build.0 = Release|Any CPU
		{35D52AC7-7369-4DFD-84F4-9C8F1152CA74}.Debug|Any CPU.ActiveCfg = Debug|Any CPU
		{35D52AC7-7369-4DFD-84F4-9C8F1152CA74}.Debug|Any CPU.Build.0 = Debug|Any CPU
		{35D52AC7-7369-4DFD-84F4-9C8F1152CA74}.Release|Any CPU.ActiveCfg = Release|Any CPU
		{35D52AC7-7369-4DFD-84F4-9C8F1152CA74}.Release|Any CPU.Build.0 = Release|Any CPU
		{304CB79A-5016-4A26-AFC9-1F2B95C24D24}.Debug|Any CPU.ActiveCfg = Debug|Any CPU
		{304CB79A-5016-4A26-AFC9-1F2B95C24D24}.Debug|Any CPU.Build.0 = Debug|Any CPU
		{304CB79A-5016-4A26-AFC9-1F2B95C24D24}.Release|Any CPU.ActiveCfg = Release|Any CPU
		{304CB79A-5016-4A26-AFC9-1F2B95C24D24}.Release|Any CPU.Build.0 = Release|Any CPU
	EndGlobalSection
EndGlobal
